{
  "version": "3",
  "packages": {
    "specifiers": {
      "jsr:@cliffy/command@1.0.0-rc.4": "jsr:@cliffy/command@1.0.0-rc.4",
      "jsr:@cliffy/flags@1.0.0-rc.4": "jsr:@cliffy/flags@1.0.0-rc.4",
      "jsr:@cliffy/table@1.0.0-rc.4": "jsr:@cliffy/table@1.0.0-rc.4",
      "jsr:@david/which@0.3.0": "jsr:@david/which@0.3.0",
      "jsr:@std/assert@^0.221.0": "jsr:@std/assert@0.221.0",
      "jsr:@std/assert@^0.222.1": "jsr:@std/assert@0.222.1",
      "jsr:@std/bytes@^0.221.0": "jsr:@std/bytes@0.221.0",
      "jsr:@std/console@0.221": "jsr:@std/console@0.221.0",
      "jsr:@std/csv@0.221.0": "jsr:@std/csv@0.221.0",
      "jsr:@std/fmt@0.221": "jsr:@std/fmt@0.221.0",
      "jsr:@std/fmt@0.221.0": "jsr:@std/fmt@0.221.0",
      "jsr:@std/path": "jsr:@std/path@0.222.1",
      "jsr:@std/path@0.222.1": "jsr:@std/path@0.222.1",
      "jsr:@std/streams@^0.221.0": "jsr:@std/streams@0.221.0",
      "jsr:@std/text@0.221": "jsr:@std/text@0.221.0",
      "jsr:@std/yaml@0.221.0": "jsr:@std/yaml@0.221.0",
      "npm:node-jq": "npm:node-jq@4.3.1",
      "npm:simple-git": "npm:simple-git@3.24.0",
      "npm:zod@3.22.4": "npm:zod@3.22.4"
    },
    "jsr": {
      "@cliffy/command@1.0.0-rc.4": {
        "integrity": "709884ffe0f53ce3edafa92b58223634397878fbf6dcabe0c74ea0108273b9f7",
        "dependencies": [
          "jsr:@cliffy/flags@1.0.0-rc.4",
          "jsr:@cliffy/table@1.0.0-rc.4",
          "jsr:@std/fmt@0.221",
          "jsr:@std/text@0.221"
        ]
      },
      "@cliffy/flags@1.0.0-rc.4": {
        "integrity": "29f370ade4ddf6e150a4d25fc44661234c19870ffcf7fb07cd100f1843fcd6e1"
      },
      "@cliffy/table@1.0.0-rc.4": {
        "integrity": "990e4e0b3910e6c9cf7a5b4318b8f5e121cf681494c94fd113febb9b4d4c0741",
        "dependencies": [
          "jsr:@std/console@0.221"
        ]
      },
      "@david/which@0.3.0": {
        "integrity": "6bdb62c40ac90edcf328e854fa8103a8db21e7c326089cbe3c3a1cf7887d3204"
      },
      "@std/assert@0.221.0": {
        "integrity": "a5f1aa6e7909dbea271754fd4ab3f4e687aeff4873b4cef9a320af813adb489a"
      },
      "@std/assert@0.222.1": {
        "integrity": "691637161ee584a9919d1f9950ddd1272feb8e0a19e83aa5b7563cedaf73d74c"
      },
      "@std/bytes@0.221.0": {
        "integrity": "64a047011cf833890a4a2ab7293ac55a1b4f5a050624ebc6a0159c357de91966"
      },
      "@std/console@0.221.0": {
        "integrity": "8f2afc1f3f14f5d6039c0c767f057e4aa1897d2210e167c4667cb155cafb9d11"
      },
      "@std/csv@0.221.0": {
        "integrity": "c78e42619fe10e4711ad0d2ab789487e763eb6602d493a087f62c51f3914c195",
        "dependencies": [
          "jsr:@std/assert@^0.221.0",
          "jsr:@std/streams@^0.221.0"
        ]
      },
      "@std/fmt@0.221.0": {
        "integrity": "379fed69bdd9731110f26b9085aeb740606b20428ce6af31ef6bd45ef8efa62a"
      },
      "@std/path@0.222.1": {
        "integrity": "aad3e9463ca53b0adb25b4d5beb330025674aaa3278da24c1c261d9289a9e48b",
        "dependencies": [
          "jsr:@std/assert@^0.222.1"
        ]
      },
      "@std/streams@0.221.0": {
        "integrity": "47f2f74634b47449277c0ee79fe878da4424b66bd8975c032e3afdca88986e61",
        "dependencies": [
          "jsr:@std/bytes@^0.221.0"
        ]
      },
      "@std/text@0.221.0": {
        "integrity": "a2f89ceb0d8851cd33e6774064621a1da9fbc36578cf4f02c5b5bcd7e8c84b67"
      },
      "@std/yaml@0.221.0": {
        "integrity": "bac8913ee4f6fc600d4b92cc020f755070e22687ad242341f31d123ff690ae98"
      }
    },
    "npm": {
      "@hapi/hoek@9.3.0": {
        "integrity": "sha512-/c6rf4UJlmHlC9b5BaNvzAcFv7HZ2QHaV0D4/HNlBdvFnvQq8RI4kYdhyPCl7Xj+oWvTWQ8ujhqS53LIgAe6KQ==",
        "dependencies": {}
      },
      "@hapi/topo@5.1.0": {
        "integrity": "sha512-foQZKJig7Ob0BMAYBfcJk8d77QtOe7Wo4ox7ff1lQYoNNAb6jwcY1ncdoy2e9wQZzvNy7ODZCYJkK8kzmcAnAg==",
        "dependencies": {
          "@hapi/hoek": "@hapi/hoek@9.3.0"
        }
      },
      "@kwsites/file-exists@1.1.1": {
        "integrity": "sha512-m9/5YGR18lIwxSFDwfE3oA7bWuq9kdau6ugN4H2rJeyhFQZcG9AgSHkQtSD15a8WvTgfz9aikZMrKPHvbpqFiw==",
        "dependencies": {
          "debug": "debug@4.3.4"
        }
      },
      "@kwsites/promise-deferred@1.1.1": {
        "integrity": "sha512-GaHYm+c0O9MjZRu0ongGBRbinu8gVAMd2UZjji6jVmqKtZluZnptXGWhz1E8j8D2HJ3f/yMxKAUC0b+57wncIw==",
        "dependencies": {}
      },
      "@sideway/address@4.1.5": {
        "integrity": "sha512-IqO/DUQHUkPeixNQ8n0JA6102hT9CmaljNTPmQ1u8MEhBo/R4Q8eKLN/vGZxuebwOroDB4cbpjheD4+/sKFK4Q==",
        "dependencies": {
          "@hapi/hoek": "@hapi/hoek@9.3.0"
        }
      },
      "@sideway/formula@3.0.1": {
        "integrity": "sha512-/poHZJJVjx3L+zVD6g9KgHfYnb443oi7wLu/XKojDviHy6HOEOA6z1Trk5aR1dGcmPenJEgb2sK2I80LeS3MIg==",
        "dependencies": {}
      },
      "@sideway/pinpoint@2.0.0": {
        "integrity": "sha512-RNiOoTPkptFtSVzQevY/yWtZwf/RxyVnPy/OcA9HBM3MlGDnBEYL5B41H0MTn0Uec8Hi+2qUtTfG2WWZBmMejQ==",
        "dependencies": {}
      },
      "base64-js@1.5.1": {
        "integrity": "sha512-AKpaYlHn8t4SVbOHCy+b5+KKgvR4vrsD8vbvrbiQJps7fKDTkjkDry6ji0rUJjC0kzbNePLwzxq8iypo41qeWA==",
        "dependencies": {}
      },
      "bin-build@3.0.0": {
        "integrity": "sha512-jcUOof71/TNAI2uM5uoUaDq2ePcVBQ3R/qhxAz1rX7UfvduAL/RXD3jXzvn8cVcDJdGVkiR1shal3OH0ImpuhA==",
        "dependencies": {
          "decompress": "decompress@4.2.1",
          "download": "download@6.2.5",
          "execa": "execa@0.7.0",
          "p-map-series": "p-map-series@1.0.0",
          "tempfile": "tempfile@2.0.0"
        }
      },
      "bl@1.2.3": {
        "integrity": "sha512-pvcNpa0UU69UT341rO6AYy4FVAIkUHuZXRIWbq+zHnsVcRzDDjIAhGuuYoi0d//cwIwtt4pkpKycWEfjdV+vww==",
        "dependencies": {
          "readable-stream": "readable-stream@2.3.8",
          "safe-buffer": "safe-buffer@5.2.1"
        }
      },
      "buffer-alloc-unsafe@1.1.0": {
        "integrity": "sha512-TEM2iMIEQdJ2yjPJoSIsldnleVaAk1oW3DBVUykyOLsEsFmEc9kn+SFFPz+gl54KQNxlDnAwCXosOS9Okx2xAg==",
        "dependencies": {}
      },
      "buffer-alloc@1.2.0": {
        "integrity": "sha512-CFsHQgjtW1UChdXgbyJGtnm+O/uLQeZdtbDo8mfUgYXCHSM1wgrVxXm6bSyrUuErEb+4sYVGCzASBRot7zyrow==",
        "dependencies": {
          "buffer-alloc-unsafe": "buffer-alloc-unsafe@1.1.0",
          "buffer-fill": "buffer-fill@1.0.0"
        }
      },
      "buffer-crc32@0.2.13": {
        "integrity": "sha512-VO9Ht/+p3SN7SKWqcrgEzjGbRSJYTx+Q1pTQC0wrWqHx0vpJraQ6GtHx8tvcg1rlK1byhU5gccxgOgj7B0TDkQ==",
        "dependencies": {}
      },
      "buffer-fill@1.0.0": {
        "integrity": "sha512-T7zexNBwiiaCOGDg9xNX9PBmjrubblRkENuptryuI64URkXDFum9il/JGL8Lm8wYfAXpredVXXZz7eMHilimiQ==",
        "dependencies": {}
      },
      "buffer@5.7.1": {
        "integrity": "sha512-EHcyIPBQ4BSGlvjB16k5KgAJ27CIsHY/2JBmCRReo48y9rQ3MaUzWX3KVlBa4U7MyX02HdVj0K7C3WaB3ju7FQ==",
        "dependencies": {
          "base64-js": "base64-js@1.5.1",
          "ieee754": "ieee754@1.2.1"
        }
      },
      "caw@2.0.1": {
        "integrity": "sha512-Cg8/ZSBEa8ZVY9HspcGUYaK63d/bN7rqS3CYCzEGUxuYv6UlmcjzDUz2fCFFHyTvUW5Pk0I+3hkA3iXlIj6guA==",
        "dependencies": {
          "get-proxy": "get-proxy@2.1.0",
          "isurl": "isurl@1.0.0",
          "tunnel-agent": "tunnel-agent@0.6.0",
          "url-to-options": "url-to-options@1.0.1"
        }
      },
      "commander@2.20.3": {
        "integrity": "sha512-GpVkmM8vF2vQUkj2LvZmD35JxeJOLCwJ9cUkugyk2nuhbv3+mJvpLYYt+0+USMxE+oj+ey/lJEnhZw75x/OMcQ==",
        "dependencies": {}
      },
      "config-chain@1.1.13": {
        "integrity": "sha512-qj+f8APARXHrM0hraqXYb2/bOVSV4PvJQlNZ/DVj0QrmNM2q2euizkeuVckQ57J+W0mRH6Hvi+k50M4Jul2VRQ==",
        "dependencies": {
          "ini": "ini@1.3.8",
          "proto-list": "proto-list@1.2.4"
        }
      },
      "content-disposition@0.5.4": {
        "integrity": "sha512-FveZTNuGw04cxlAiWbzi6zTAL/lhehaWbTtgluJh4/E95DqMwTmha3KZN1aAWA8cFIhHzMZUvLevkw5Rqk+tSQ==",
        "dependencies": {
          "safe-buffer": "safe-buffer@5.2.1"
        }
      },
      "core-util-is@1.0.3": {
        "integrity": "sha512-ZQBvi1DcpJ4GDqanjucZ2Hj3wEO5pZDS89BWbkcrvdxksJorwUDDZamX9ldFkp9aw2lmBDLgkObEA4DWNJ9FYQ==",
        "dependencies": {}
      },
      "cross-spawn@5.1.0": {
        "integrity": "sha512-pTgQJ5KC0d2hcY8eyL1IzlBPYjTkyH72XRZPnLyKus2mBfNjQs3klqbJU2VILqZryAZUt9JOb3h/mWMy23/f5A==",
        "dependencies": {
          "lru-cache": "lru-cache@4.1.5",
          "shebang-command": "shebang-command@1.2.0",
          "which": "which@1.3.1"
        }
      },
      "debug@4.3.4": {
        "integrity": "sha512-PRWFHuSU3eDtQJPvnNY7Jcket1j0t5OuOsFzPPzsekD52Zl8qUfFIPEiswXqIvHWGVHOgX+7G/vCNNhehwxfkQ==",
        "dependencies": {
          "ms": "ms@2.1.2"
        }
      },
      "decompress-response@3.3.0": {
        "integrity": "sha512-BzRPQuY1ip+qDonAOz42gRm/pg9F768C+npV/4JOsxRC2sq+Rlk+Q4ZCAsOhnIaMrgarILY+RMUIvMmmX1qAEA==",
        "dependencies": {
          "mimic-response": "mimic-response@1.0.1"
        }
      },
      "decompress-tar@4.1.1": {
        "integrity": "sha512-JdJMaCrGpB5fESVyxwpCx4Jdj2AagLmv3y58Qy4GE6HMVjWz1FeVQk1Ct4Kye7PftcdOo/7U7UKzYBJgqnGeUQ==",
        "dependencies": {
          "file-type": "file-type@5.2.0",
          "is-stream": "is-stream@1.1.0",
          "tar-stream": "tar-stream@1.6.2"
        }
      },
      "decompress-tarbz2@4.1.1": {
        "integrity": "sha512-s88xLzf1r81ICXLAVQVzaN6ZmX4A6U4z2nMbOwobxkLoIIfjVMBg7TeguTUXkKeXni795B6y5rnvDw7rxhAq9A==",
        "dependencies": {
          "decompress-tar": "decompress-tar@4.1.1",
          "file-type": "file-type@6.2.0",
          "is-stream": "is-stream@1.1.0",
          "seek-bzip": "seek-bzip@1.0.6",
          "unbzip2-stream": "unbzip2-stream@1.4.3"
        }
      },
      "decompress-targz@4.1.1": {
        "integrity": "sha512-4z81Znfr6chWnRDNfFNqLwPvm4db3WuZkqV+UgXQzSngG3CEKdBkw5jrv3axjjL96glyiiKjsxJG3X6WBZwX3w==",
        "dependencies": {
          "decompress-tar": "decompress-tar@4.1.1",
          "file-type": "file-type@5.2.0",
          "is-stream": "is-stream@1.1.0"
        }
      },
      "decompress-unzip@4.0.1": {
        "integrity": "sha512-1fqeluvxgnn86MOh66u8FjbtJpAFv5wgCT9Iw8rcBqQcCo5tO8eiJw7NNTrvt9n4CRBVq7CstiS922oPgyGLrw==",
        "dependencies": {
          "file-type": "file-type@3.9.0",
          "get-stream": "get-stream@2.3.1",
          "pify": "pify@2.3.0",
          "yauzl": "yauzl@2.10.0"
        }
      },
      "decompress@4.2.1": {
        "integrity": "sha512-e48kc2IjU+2Zw8cTb6VZcJQ3lgVbS4uuB1TfCHbiZIP/haNXm+SVyhu+87jts5/3ROpd82GSVCoNs/z8l4ZOaQ==",
        "dependencies": {
          "decompress-tar": "decompress-tar@4.1.1",
          "decompress-tarbz2": "decompress-tarbz2@4.1.1",
          "decompress-targz": "decompress-targz@4.1.1",
          "decompress-unzip": "decompress-unzip@4.0.1",
          "graceful-fs": "graceful-fs@4.2.11",
          "make-dir": "make-dir@1.3.0",
          "pify": "pify@2.3.0",
          "strip-dirs": "strip-dirs@2.1.0"
        }
      },
      "download@6.2.5": {
        "integrity": "sha512-DpO9K1sXAST8Cpzb7kmEhogJxymyVUd5qz/vCOSyvwtp2Klj2XcDt5YUuasgxka44SxF0q5RriKIwJmQHG2AuA==",
        "dependencies": {
          "caw": "caw@2.0.1",
          "content-disposition": "content-disposition@0.5.4",
          "decompress": "decompress@4.2.1",
          "ext-name": "ext-name@5.0.0",
          "file-type": "file-type@5.2.0",
          "filenamify": "filenamify@2.1.0",
          "get-stream": "get-stream@3.0.0",
          "got": "got@7.1.0",
          "make-dir": "make-dir@1.3.0",
          "p-event": "p-event@1.3.0",
          "pify": "pify@3.0.0"
        }
      },
      "duplexer3@0.1.5": {
        "integrity": "sha512-1A8za6ws41LQgv9HrE/66jyC5yuSjQ3L/KOpFtoBilsAK2iA2wuS5rTt1OCzIvtS2V7nVmedsUU+DGRcjBmOYA==",
        "dependencies": {}
      },
      "end-of-stream@1.4.4": {
        "integrity": "sha512-+uw1inIHVPQoaVuHzRyXd21icM+cnt4CzD5rW+NC1wjOUSTOs+Te7FOv7AhN7vS9x/oIyhLP5PR1H+phQAHu5Q==",
        "dependencies": {
          "once": "once@1.4.0"
        }
      },
      "escape-string-regexp@1.0.5": {
        "integrity": "sha512-vbRorB5FUQWvla16U8R/qgaFIya2qGzwDrNmCZuYKrbdSUMG6I1ZCGQRefkRVhuOkIGVne7BQ35DSfo1qvJqFg==",
        "dependencies": {}
      },
      "execa@0.7.0": {
        "integrity": "sha512-RztN09XglpYI7aBBrJCPW95jEH7YF1UEPOoX9yDhUTPdp7mK+CQvnLTuD10BNXZ3byLTu2uehZ8EcKT/4CGiFw==",
        "dependencies": {
          "cross-spawn": "cross-spawn@5.1.0",
          "get-stream": "get-stream@3.0.0",
          "is-stream": "is-stream@1.1.0",
          "npm-run-path": "npm-run-path@2.0.2",
          "p-finally": "p-finally@1.0.0",
          "signal-exit": "signal-exit@3.0.7",
          "strip-eof": "strip-eof@1.0.0"
        }
      },
      "ext-list@2.2.2": {
        "integrity": "sha512-u+SQgsubraE6zItfVA0tBuCBhfU9ogSRnsvygI7wht9TS510oLkBRXBsqopeUG/GBOIQyKZO9wjTqIu/sf5zFA==",
        "dependencies": {
          "mime-db": "mime-db@1.52.0"
        }
      },
      "ext-name@5.0.0": {
        "integrity": "sha512-yblEwXAbGv1VQDmow7s38W77hzAgJAO50ztBLMcUyUBfxv1HC+LGwtiEN+Co6LtlqT/5uwVOxsD4TNIilWhwdQ==",
        "dependencies": {
          "ext-list": "ext-list@2.2.2",
          "sort-keys-length": "sort-keys-length@1.0.1"
        }
      },
      "fd-slicer@1.1.0": {
        "integrity": "sha512-cE1qsB/VwyQozZ+q1dGxR8LBYNZeofhEdUNGSMbQD3Gw2lAzX9Zb3uIU6Ebc/Fmyjo9AWWfnn0AUCHqtevs/8g==",
        "dependencies": {
          "pend": "pend@1.2.0"
        }
      },
      "file-type@3.9.0": {
        "integrity": "sha512-RLoqTXE8/vPmMuTI88DAzhMYC99I8BWv7zYP4A1puo5HIjEJ5EX48ighy4ZyKMG9EDXxBgW6e++cn7d1xuFghA==",
        "dependencies": {}
      },
      "file-type@5.2.0": {
        "integrity": "sha512-Iq1nJ6D2+yIO4c8HHg4fyVb8mAJieo1Oloy1mLLaB2PvezNedhBVm+QU7g0qM42aiMbRXTxKKwGD17rjKNJYVQ==",
        "dependencies": {}
      },
      "file-type@6.2.0": {
        "integrity": "sha512-YPcTBDV+2Tm0VqjybVd32MHdlEGAtuxS3VAYsumFokDSMG+ROT5wawGlnHDoz7bfMcMDt9hxuXvXwoKUx2fkOg==",
        "dependencies": {}
      },
      "filename-reserved-regex@2.0.0": {
        "integrity": "sha512-lc1bnsSr4L4Bdif8Xb/qrtokGbq5zlsms/CYH8PP+WtCkGNF65DPiQY8vG3SakEdRn8Dlnm+gW/qWKKjS5sZzQ==",
        "dependencies": {}
      },
      "filenamify@2.1.0": {
        "integrity": "sha512-ICw7NTT6RsDp2rnYKVd8Fu4cr6ITzGy3+u4vUujPkabyaz+03F24NWEX7fs5fp+kBonlaqPH8fAO2NM+SXt/JA==",
        "dependencies": {
          "filename-reserved-regex": "filename-reserved-regex@2.0.0",
          "strip-outer": "strip-outer@1.0.1",
          "trim-repeated": "trim-repeated@1.0.0"
        }
      },
      "fs-constants@1.0.0": {
        "integrity": "sha512-y6OAwoSIf7FyjMIv94u+b5rdheZEjzR63GTyZJm5qh4Bi+2YgwLCcI/fPFZkL5PSixOt6ZNKm+w+Hfp/Bciwow==",
        "dependencies": {}
      },
      "get-proxy@2.1.0": {
        "integrity": "sha512-zmZIaQTWnNQb4R4fJUEp/FC51eZsc6EkErspy3xtIYStaq8EB/hDIWipxsal+E8rz0qD7f2sL/NA9Xee4RInJw==",
        "dependencies": {
          "npm-conf": "npm-conf@1.1.3"
        }
      },
      "get-stream@2.3.1": {
        "integrity": "sha512-AUGhbbemXxrZJRD5cDvKtQxLuYaIbNtDTK8YqupCI393Q2KSTreEsLUN3ZxAWFGiKTzL6nKuzfcIvieflUX9qA==",
        "dependencies": {
          "object-assign": "object-assign@4.1.1",
          "pinkie-promise": "pinkie-promise@2.0.1"
        }
      },
      "get-stream@3.0.0": {
        "integrity": "sha512-GlhdIUuVakc8SJ6kK0zAFbiGzRFzNnY4jUuEbV9UROo4Y+0Ny4fjvcZFVTeDA4odpFyOQzaw6hXukJSq/f28sQ==",
        "dependencies": {}
      },
      "got@7.1.0": {
        "integrity": "sha512-Y5WMo7xKKq1muPsxD+KmrR8DH5auG7fBdDVueZwETwV6VytKyU9OX/ddpq2/1hp1vIPvVb4T81dKQz3BivkNLw==",
        "dependencies": {
          "decompress-response": "decompress-response@3.3.0",
          "duplexer3": "duplexer3@0.1.5",
          "get-stream": "get-stream@3.0.0",
          "is-plain-obj": "is-plain-obj@1.1.0",
          "is-retry-allowed": "is-retry-allowed@1.2.0",
          "is-stream": "is-stream@1.1.0",
          "isurl": "isurl@1.0.0",
          "lowercase-keys": "lowercase-keys@1.0.1",
          "p-cancelable": "p-cancelable@0.3.0",
          "p-timeout": "p-timeout@1.2.1",
          "safe-buffer": "safe-buffer@5.2.1",
          "timed-out": "timed-out@4.0.1",
          "url-parse-lax": "url-parse-lax@1.0.0",
          "url-to-options": "url-to-options@1.0.1"
        }
      },
      "graceful-fs@4.2.11": {
        "integrity": "sha512-RbJ5/jmFcNNCcDV5o9eTnBLJ/HszWV0P73bc+Ff4nS/rJj+YaS6IGyiOL0VoBYX+l1Wrl3k63h/KrH+nhJ0XvQ==",
        "dependencies": {}
      },
      "has-symbol-support-x@1.4.2": {
        "integrity": "sha512-3ToOva++HaW+eCpgqZrCfN51IPB+7bJNVT6CUATzueB5Heb8o6Nam0V3HG5dlDvZU1Gn5QLcbahiKw/XVk5JJw==",
        "dependencies": {}
      },
      "has-to-string-tag-x@1.4.1": {
        "integrity": "sha512-vdbKfmw+3LoOYVr+mtxHaX5a96+0f3DljYd8JOqvOLsf5mw2Otda2qCDT9qRqLAhrjyQ0h7ual5nOiASpsGNFw==",
        "dependencies": {
          "has-symbol-support-x": "has-symbol-support-x@1.4.2"
        }
      },
      "ieee754@1.2.1": {
        "integrity": "sha512-dcyqhDvX1C46lXZcVqCpK+FtMRQVdIMN6/Df5js2zouUsqG7I6sFxitIC+7KYK29KdXOLHdu9zL4sFnoVQnqaA==",
        "dependencies": {}
      },
      "inherits@2.0.4": {
        "integrity": "sha512-k/vGaX4/Yla3WzyMCvTQOXYeIHvqOKtnqBduzTHpzpQZzAskKMhZ2K+EnBiSM9zGSoIFeMpXKxa4dYeZIQqewQ==",
        "dependencies": {}
      },
      "ini@1.3.8": {
        "integrity": "sha512-JV/yugV2uzW5iMRSiZAyDtQd+nxtUnjeLt0acNdw98kKLrvuRVyB80tsREOE7yvGVgalhZ6RNXCmEHkUKBKxew==",
        "dependencies": {}
      },
      "is-extglob@1.0.0": {
        "integrity": "sha512-7Q+VbVafe6x2T+Tu6NcOf6sRklazEPmBoB3IWk3WdGZM2iGUwU/Oe3Wtq5lSEkDTTlpp8yx+5t4pzO/i9Ty1ww==",
        "dependencies": {}
      },
      "is-glob@2.0.1": {
        "integrity": "sha512-a1dBeB19NXsf/E0+FHqkagizel/LQw2DjSQpvQrj3zT+jYPpaUCryPnrQajXKFLCMuf4I6FhRpaGtw4lPrG6Eg==",
        "dependencies": {
          "is-extglob": "is-extglob@1.0.0"
        }
      },
      "is-invalid-path@0.1.0": {
        "integrity": "sha512-aZMG0T3F34mTg4eTdszcGXx54oiZ4NtHSft3hWNJMGJXUUqdIj3cOZuHcU0nCWWcY3jd7yRe/3AEm3vSNTpBGQ==",
        "dependencies": {
          "is-glob": "is-glob@2.0.1"
        }
      },
      "is-natural-number@4.0.1": {
        "integrity": "sha512-Y4LTamMe0DDQIIAlaer9eKebAlDSV6huy+TWhJVPlzZh2o4tRP5SQWFlLn5N0To4mDD22/qdOq+veo1cSISLgQ==",
        "dependencies": {}
      },
      "is-object@1.0.2": {
        "integrity": "sha512-2rRIahhZr2UWb45fIOuvZGpFtz0TyOZLf32KxBbSoUCeZR495zCKlWUKKUByk3geS2eAs7ZAABt0Y/Rx0GiQGA==",
        "dependencies": {}
      },
      "is-plain-obj@1.1.0": {
        "integrity": "sha512-yvkRyxmFKEOQ4pNXCmJG5AEQNlXJS5LaONXo5/cLdTZdWvsZ1ioJEonLGAosKlMWE8lwUy/bJzMjcw8az73+Fg==",
        "dependencies": {}
      },
      "is-retry-allowed@1.2.0": {
        "integrity": "sha512-RUbUeKwvm3XG2VYamhJL1xFktgjvPzL0Hq8C+6yrWIswDy3BIXGqCxhxkc30N9jqK311gVU137K8Ei55/zVJRg==",
        "dependencies": {}
      },
      "is-stream@1.1.0": {
        "integrity": "sha512-uQPm8kcs47jx38atAcWTVxyltQYoPT68y9aWYdV6yWXSyW8mzSat0TL6CiWdZeCdF3KrAvpVtnHbTv4RN+rqdQ==",
        "dependencies": {}
      },
      "is-valid-path@0.1.1": {
        "integrity": "sha512-+kwPrVDu9Ms03L90Qaml+79+6DZHqHyRoANI6IsZJ/g8frhnfchDOBCa0RbQ6/kdHt5CS5OeIEyrYznNuVN+8A==",
        "dependencies": {
          "is-invalid-path": "is-invalid-path@0.1.0"
        }
      },
      "isarray@1.0.0": {
        "integrity": "sha512-VLghIWNM6ELQzo7zwmcg0NmTVyWKYjvIeM83yjp0wRDTmUnrM678fQbcKBo6n2CJEF0szoG//ytg+TKla89ALQ==",
        "dependencies": {}
      },
      "isexe@2.0.0": {
        "integrity": "sha512-RHxMLp9lnKHGHRng9QFhRCMbYAcVpn69smSGcq3f36xjgVVWThj4qqLbTLlq7Ssj8B+fIQ1EuCEGI2lKsyQeIw==",
        "dependencies": {}
      },
      "isurl@1.0.0": {
        "integrity": "sha512-1P/yWsxPlDtn7QeRD+ULKQPaIaN6yF368GZ2vDfv0AL0NwpStafjWCDDdn0k8wgFMWpVAqG7oJhxHnlud42i9w==",
        "dependencies": {
          "has-to-string-tag-x": "has-to-string-tag-x@1.4.1",
          "is-object": "is-object@1.0.2"
        }
      },
      "joi@17.12.3": {
        "integrity": "sha512-2RRziagf555owrm9IRVtdKynOBeITiDpuZqIpgwqXShPncPKNiRQoiGsl/T8SQdq+8ugRzH2LqY67irr2y/d+g==",
        "dependencies": {
          "@hapi/hoek": "@hapi/hoek@9.3.0",
          "@hapi/topo": "@hapi/topo@5.1.0",
          "@sideway/address": "@sideway/address@4.1.5",
          "@sideway/formula": "@sideway/formula@3.0.1",
          "@sideway/pinpoint": "@sideway/pinpoint@2.0.0"
        }
      },
      "lowercase-keys@1.0.1": {
        "integrity": "sha512-G2Lj61tXDnVFFOi8VZds+SoQjtQC3dgokKdDG2mTm1tx4m50NUHBOZSBwQQHyy0V12A0JTG4icfZQH+xPyh8VA==",
        "dependencies": {}
      },
      "lru-cache@4.1.5": {
        "integrity": "sha512-sWZlbEP2OsHNkXrMl5GYk/jKk70MBng6UU4YI/qGDYbgf6YbP4EvmqISbXCoJiRKs+1bSpFHVgQxvJ17F2li5g==",
        "dependencies": {
          "pseudomap": "pseudomap@1.0.2",
          "yallist": "yallist@2.1.2"
        }
      },
      "make-dir@1.3.0": {
        "integrity": "sha512-2w31R7SJtieJJnQtGc7RVL2StM2vGYVfqUOvUDxH6bC6aJTxPxTF0GnIgCyu7tjockiUWAYQRbxa7vKn34s5sQ==",
        "dependencies": {
          "pify": "pify@3.0.0"
        }
      },
      "mime-db@1.52.0": {
        "integrity": "sha512-sPU4uV7dYlvtWJxwwxHD0PuihVNiE7TyAbQ5SWxDCB9mUYvOgroQOwYQQOKPJ8CIbE+1ETVlOoK1UC2nU3gYvg==",
        "dependencies": {}
      },
      "mimic-response@1.0.1": {
        "integrity": "sha512-j5EctnkH7amfV/q5Hgmoal1g2QHFJRraOtmx0JpIqkxhBhI/lJSl1nMpQ45hVarwNETOoWEimndZ4QK0RHxuxQ==",
        "dependencies": {}
      },
      "ms@2.1.2": {
        "integrity": "sha512-sGkPx+VjMtmA6MX27oA4FBFELFCZZ4S4XqeGOXCv68tT+jb3vk/RyaKWP0PTKyWtmLSM0b+adUTEvbs1PEaH2w==",
        "dependencies": {}
      },
      "node-downloader-helper@2.1.9": {
        "integrity": "sha512-FSvAol2Z8UP191sZtsUZwHIN0eGoGue3uEXGdWIH5228e9KH1YHXT7fN8Oa33UGf+FbqGTQg3sJfrRGzmVCaJA==",
        "dependencies": {}
      },
      "node-jq@4.3.1": {
        "integrity": "sha512-5iU9L/7j8ZNHwhxDRJXgyza6JnEKqdkNcJ9+ul5HZnhConhg/v9JdvA9agJ8XA+qBgGr1MK/MeHDrdK1tL2QAA==",
        "dependencies": {
          "bin-build": "bin-build@3.0.0",
          "is-valid-path": "is-valid-path@0.1.1",
          "joi": "joi@17.12.3",
          "node-downloader-helper": "node-downloader-helper@2.1.9",
          "strip-final-newline": "strip-final-newline@2.0.0",
          "tempfile": "tempfile@3.0.0"
        }
      },
      "npm-conf@1.1.3": {
        "integrity": "sha512-Yic4bZHJOt9RCFbRP3GgpqhScOY4HH3V2P8yBj6CeYq118Qr+BLXqT2JvpJ00mryLESpgOxf5XlFv4ZjXxLScw==",
        "dependencies": {
          "config-chain": "config-chain@1.1.13",
          "pify": "pify@3.0.0"
        }
      },
      "npm-run-path@2.0.2": {
        "integrity": "sha512-lJxZYlT4DW/bRUtFh1MQIWqmLwQfAxnqWG4HhEdjMlkrJYnJn0Jrr2u3mgxqaWsdiBc76TYkTG/mhrnYTuzfHw==",
        "dependencies": {
          "path-key": "path-key@2.0.1"
        }
      },
      "object-assign@4.1.1": {
        "integrity": "sha512-rJgTQnkUnH1sFw8yT6VSU3zD3sWmu6sZhIseY8VX+GRu3P6F7Fu+JNDoXfklElbLJSnc3FUQHVe4cU5hj+BcUg==",
        "dependencies": {}
      },
      "once@1.4.0": {
        "integrity": "sha512-lNaJgI+2Q5URQBkccEKHTQOPaXdUxnZZElQTZY0MFUAuaEqe1E+Nyvgdz/aIyNi6Z9MzO5dv1H8n58/GELp3+w==",
        "dependencies": {
          "wrappy": "wrappy@1.0.2"
        }
      },
      "p-cancelable@0.3.0": {
        "integrity": "sha512-RVbZPLso8+jFeq1MfNvgXtCRED2raz/dKpacfTNxsx6pLEpEomM7gah6VeHSYV3+vo0OAi4MkArtQcWWXuQoyw==",
        "dependencies": {}
      },
      "p-event@1.3.0": {
        "integrity": "sha512-hV1zbA7gwqPVFcapfeATaNjQ3J0NuzorHPyG8GPL9g/Y/TplWVBVoCKCXL6Ej2zscrCEv195QNWJXuBH6XZuzA==",
        "dependencies": {
          "p-timeout": "p-timeout@1.2.1"
        }
      },
      "p-finally@1.0.0": {
        "integrity": "sha512-LICb2p9CB7FS+0eR1oqWnHhp0FljGLZCWBE9aix0Uye9W8LTQPwMTYVGWQWIw9RdQiDg4+epXQODwIYJtSJaow==",
        "dependencies": {}
      },
      "p-map-series@1.0.0": {
        "integrity": "sha512-4k9LlvY6Bo/1FcIdV33wqZQES0Py+iKISU9Uc8p8AjWoZPnFKMpVIVD3s0EYn4jzLh1I+WeUZkJ0Yoa4Qfw3Kg==",
        "dependencies": {
          "p-reduce": "p-reduce@1.0.0"
        }
      },
      "p-reduce@1.0.0": {
        "integrity": "sha512-3Tx1T3oM1xO/Y8Gj0sWyE78EIJZ+t+aEmXUdvQgvGmSMri7aPTHoovbXEreWKkL5j21Er60XAWLTzKbAKYOujQ==",
        "dependencies": {}
      },
      "p-timeout@1.2.1": {
        "integrity": "sha512-gb0ryzr+K2qFqFv6qi3khoeqMZF/+ajxQipEF6NteZVnvz9tzdsfAVj3lYtn1gAXvH5lfLwfxEII799gt/mRIA==",
        "dependencies": {
          "p-finally": "p-finally@1.0.0"
        }
      },
      "path-key@2.0.1": {
        "integrity": "sha512-fEHGKCSmUSDPv4uoj8AlD+joPlq3peND+HRYyxFz4KPw4z926S/b8rIuFs2FYJg3BwsxJf6A9/3eIdLaYC+9Dw==",
        "dependencies": {}
      },
      "pend@1.2.0": {
        "integrity": "sha512-F3asv42UuXchdzt+xXqfW1OGlVBe+mxa2mqI0pg5yAHZPvFmY3Y6drSf/GQ1A86WgWEN9Kzh/WrgKa6iGcHXLg==",
        "dependencies": {}
      },
      "pify@2.3.0": {
        "integrity": "sha512-udgsAY+fTnvv7kI7aaxbqwWNb0AHiB0qBO89PZKPkoTmGOgdbrHDKD+0B2X4uTfJ/FT1R09r9gTsjUjNJotuog==",
        "dependencies": {}
      },
      "pify@3.0.0": {
        "integrity": "sha512-C3FsVNH1udSEX48gGX1xfvwTWfsYWj5U+8/uK15BGzIGrKoUpghX8hWZwa/OFnakBiiVNmBvemTJR5mcy7iPcg==",
        "dependencies": {}
      },
      "pinkie-promise@2.0.1": {
        "integrity": "sha512-0Gni6D4UcLTbv9c57DfxDGdr41XfgUjqWZu492f0cIGr16zDU06BWP/RAEvOuo7CQ0CNjHaLlM59YJJFm3NWlw==",
        "dependencies": {
          "pinkie": "pinkie@2.0.4"
        }
      },
      "pinkie@2.0.4": {
        "integrity": "sha512-MnUuEycAemtSaeFSjXKW/aroV7akBbY+Sv+RkyqFjgAe73F+MR0TBWKBRDkmfWq/HiFmdavfZ1G7h4SPZXaCSg==",
        "dependencies": {}
      },
      "prepend-http@1.0.4": {
        "integrity": "sha512-PhmXi5XmoyKw1Un4E+opM2KcsJInDvKyuOumcjjw3waw86ZNjHwVUOOWLc4bCzLdcKNaWBH9e99sbWzDQsVaYg==",
        "dependencies": {}
      },
      "process-nextick-args@2.0.1": {
        "integrity": "sha512-3ouUOpQhtgrbOa17J7+uxOTpITYWaGP7/AhoR3+A+/1e9skrzelGi/dXzEYyvbxubEF6Wn2ypscTKiKJFFn1ag==",
        "dependencies": {}
      },
      "proto-list@1.2.4": {
        "integrity": "sha512-vtK/94akxsTMhe0/cbfpR+syPuszcuwhqVjJq26CuNDgFGj682oRBXOP5MJpv2r7JtE8MsiepGIqvvOTBwn2vA==",
        "dependencies": {}
      },
      "pseudomap@1.0.2": {
        "integrity": "sha512-b/YwNhb8lk1Zz2+bXXpS/LK9OisiZZ1SNsSLxN1x2OXVEhW2Ckr/7mWE5vrC1ZTiJlD9g19jWszTmJsB+oEpFQ==",
        "dependencies": {}
      },
      "readable-stream@2.3.8": {
        "integrity": "sha512-8p0AUk4XODgIewSi0l8Epjs+EVnWiK7NoDIEGU0HhE7+ZyY8D1IMY7odu5lRrFXGg71L15KG8QrPmum45RTtdA==",
        "dependencies": {
          "core-util-is": "core-util-is@1.0.3",
          "inherits": "inherits@2.0.4",
          "isarray": "isarray@1.0.0",
          "process-nextick-args": "process-nextick-args@2.0.1",
          "safe-buffer": "safe-buffer@5.1.2",
          "string_decoder": "string_decoder@1.1.1",
          "util-deprecate": "util-deprecate@1.0.2"
        }
      },
      "safe-buffer@5.1.2": {
        "integrity": "sha512-Gd2UZBJDkXlY7GbJxfsE8/nvKkUEU1G38c1siN6QP6a9PT9MmHB8GnpscSmMJSoF8LOIrt8ud/wPtojys4G6+g==",
        "dependencies": {}
      },
      "safe-buffer@5.2.1": {
        "integrity": "sha512-rp3So07KcdmmKbGvgaNxQSJr7bGVSVk5S9Eq1F+ppbRo70+YeaDxkw5Dd8NPN+GD6bjnYm2VuPuCXmpuYvmCXQ==",
        "dependencies": {}
      },
      "seek-bzip@1.0.6": {
        "integrity": "sha512-e1QtP3YL5tWww8uKaOCQ18UxIT2laNBXHjV/S2WYCiK4udiv8lkG89KRIoCjUagnAmCBurjF4zEVX2ByBbnCjQ==",
        "dependencies": {
          "commander": "commander@2.20.3"
        }
      },
      "shebang-command@1.2.0": {
        "integrity": "sha512-EV3L1+UQWGor21OmnvojK36mhg+TyIKDh3iFBKBohr5xeXIhNBcx8oWdgkTEEQ+BEFFYdLRuqMfd5L84N1V5Vg==",
        "dependencies": {
          "shebang-regex": "shebang-regex@1.0.0"
        }
      },
      "shebang-regex@1.0.0": {
        "integrity": "sha512-wpoSFAxys6b2a2wHZ1XpDSgD7N9iVjg29Ph9uV/uaP9Ex/KXlkTZTeddxDPSYQpgvzKLGJke2UU0AzoGCjNIvQ==",
        "dependencies": {}
      },
      "signal-exit@3.0.7": {
        "integrity": "sha512-wnD2ZE+l+SPC/uoS0vXeE9L1+0wuaMqKlfz9AMUo38JsyLSBWSFcHR1Rri62LZc12vLr1gb3jl7iwQhgwpAbGQ==",
        "dependencies": {}
      },
      "simple-git@3.24.0": {
        "integrity": "sha512-QqAKee9Twv+3k8IFOFfPB2hnk6as6Y6ACUpwCtQvRYBAes23Wv3SZlHVobAzqcE8gfsisCvPw3HGW3HYM+VYYw==",
        "dependencies": {
          "@kwsites/file-exists": "@kwsites/file-exists@1.1.1",
          "@kwsites/promise-deferred": "@kwsites/promise-deferred@1.1.1",
          "debug": "debug@4.3.4"
        }
      },
      "sort-keys-length@1.0.1": {
        "integrity": "sha512-GRbEOUqCxemTAk/b32F2xa8wDTs+Z1QHOkbhJDQTvv/6G3ZkbJ+frYWsTcc7cBB3Fu4wy4XlLCuNtJuMn7Gsvw==",
        "dependencies": {
          "sort-keys": "sort-keys@1.1.2"
        }
      },
      "sort-keys@1.1.2": {
        "integrity": "sha512-vzn8aSqKgytVik0iwdBEi+zevbTYZogewTUM6dtpmGwEcdzbub/TX4bCzRhebDCRC3QzXgJsLRKB2V/Oof7HXg==",
        "dependencies": {
          "is-plain-obj": "is-plain-obj@1.1.0"
        }
      },
      "string_decoder@1.1.1": {
        "integrity": "sha512-n/ShnvDi6FHbbVfviro+WojiFzv+s8MPMHBczVePfUpDJLwoLT0ht1l4YwBCbi8pJAveEEdnkHyPyTP/mzRfwg==",
        "dependencies": {
          "safe-buffer": "safe-buffer@5.1.2"
        }
      },
      "strip-dirs@2.1.0": {
        "integrity": "sha512-JOCxOeKLm2CAS73y/U4ZeZPTkE+gNVCzKt7Eox84Iej1LT/2pTWYpZKJuxwQpvX1LiZb1xokNR7RLfuBAa7T3g==",
        "dependencies": {
          "is-natural-number": "is-natural-number@4.0.1"
        }
      },
      "strip-eof@1.0.0": {
        "integrity": "sha512-7FCwGGmx8mD5xQd3RPUvnSpUXHM3BWuzjtpD4TXsfcZ9EL4azvVVUscFYwD9nx8Kh+uCBC00XBtAykoMHwTh8Q==",
        "dependencies": {}
      },
      "strip-final-newline@2.0.0": {
        "integrity": "sha512-BrpvfNAE3dcvq7ll3xVumzjKjZQ5tI1sEUIKr3Uoks0XUl45St3FlatVqef9prk4jRDzhW6WZg+3bk93y6pLjA==",
        "dependencies": {}
      },
      "strip-outer@1.0.1": {
        "integrity": "sha512-k55yxKHwaXnpYGsOzg4Vl8+tDrWylxDEpknGjhTiZB8dFRU5rTo9CAzeycivxV3s+zlTKwrs6WxMxR95n26kwg==",
        "dependencies": {
          "escape-string-regexp": "escape-string-regexp@1.0.5"
        }
      },
      "tar-stream@1.6.2": {
        "integrity": "sha512-rzS0heiNf8Xn7/mpdSVVSMAWAoy9bfb1WOTYC78Z0UQKeKa/CWS8FOq0lKGNa8DWKAn9gxjCvMLYc5PGXYlK2A==",
        "dependencies": {
          "bl": "bl@1.2.3",
          "buffer-alloc": "buffer-alloc@1.2.0",
          "end-of-stream": "end-of-stream@1.4.4",
          "fs-constants": "fs-constants@1.0.0",
          "readable-stream": "readable-stream@2.3.8",
          "to-buffer": "to-buffer@1.1.1",
          "xtend": "xtend@4.0.2"
        }
      },
      "temp-dir@1.0.0": {
        "integrity": "sha512-xZFXEGbG7SNC3itwBzI3RYjq/cEhBkx2hJuKGIUOcEULmkQExXiHat2z/qkISYsuR+IKumhEfKKbV5qXmhICFQ==",
        "dependencies": {}
      },
      "temp-dir@2.0.0": {
        "integrity": "sha512-aoBAniQmmwtcKp/7BzsH8Cxzv8OL736p7v1ihGb5e9DJ9kTwGWHrQrVB5+lfVDzfGrdRzXch+ig7LHaY1JTOrg==",
        "dependencies": {}
      },
      "tempfile@2.0.0": {
        "integrity": "sha512-ZOn6nJUgvgC09+doCEF3oB+r3ag7kUvlsXEGX069QRD60p+P3uP7XG9N2/at+EyIRGSN//ZY3LyEotA1YpmjuA==",
        "dependencies": {
          "temp-dir": "temp-dir@1.0.0",
          "uuid": "uuid@3.4.0"
        }
      },
      "tempfile@3.0.0": {
        "integrity": "sha512-uNFCg478XovRi85iD42egu+eSFUmmka750Jy7L5tfHI5hQKKtbPnxaSaXAbBqCDYrw3wx4tXjKwci4/QmsZJxw==",
        "dependencies": {
          "temp-dir": "temp-dir@2.0.0",
          "uuid": "uuid@3.4.0"
        }
      },
      "through@2.3.8": {
        "integrity": "sha512-w89qg7PI8wAdvX60bMDP+bFoD5Dvhm9oLheFp5O4a2QF0cSBGsBX4qZmadPMvVqlLJBBci+WqGGOAPvcDeNSVg==",
        "dependencies": {}
      },
      "timed-out@4.0.1": {
        "integrity": "sha512-G7r3AhovYtr5YKOWQkta8RKAPb+J9IsO4uVmzjl8AZwfhs8UcUwTiD6gcJYSgOtzyjvQKrKYn41syHbUWMkafA==",
        "dependencies": {}
      },
      "to-buffer@1.1.1": {
        "integrity": "sha512-lx9B5iv7msuFYE3dytT+KE5tap+rNYw+K4jVkb9R/asAb+pbBSM17jtunHplhBe6RRJdZx3Pn2Jph24O32mOVg==",
        "dependencies": {}
      },
      "trim-repeated@1.0.0": {
        "integrity": "sha512-pkonvlKk8/ZuR0D5tLW8ljt5I8kmxp2XKymhepUeOdCEfKpZaktSArkLHZt76OB1ZvO9bssUsDty4SWhLvZpLg==",
        "dependencies": {
          "escape-string-regexp": "escape-string-regexp@1.0.5"
        }
      },
      "tunnel-agent@0.6.0": {
        "integrity": "sha512-McnNiV1l8RYeY8tBgEpuodCC1mLUdbSN+CYBL7kJsJNInOP8UjDDEwdk6Mw60vdLLrr5NHKZhMAOSrR2NZuQ+w==",
        "dependencies": {
          "safe-buffer": "safe-buffer@5.2.1"
        }
      },
      "unbzip2-stream@1.4.3": {
        "integrity": "sha512-mlExGW4w71ebDJviH16lQLtZS32VKqsSfk80GCfUlwT/4/hNRFsoscrF/c++9xinkMzECL1uL9DDwXqFWkruPg==",
        "dependencies": {
          "buffer": "buffer@5.7.1",
          "through": "through@2.3.8"
        }
      },
      "url-parse-lax@1.0.0": {
        "integrity": "sha512-BVA4lR5PIviy2PMseNd2jbFQ+jwSwQGdJejf5ctd1rEXt0Ypd7yanUK9+lYechVlN5VaTJGsu2U/3MDDu6KgBA==",
        "dependencies": {
          "prepend-http": "prepend-http@1.0.4"
        }
      },
      "url-to-options@1.0.1": {
        "integrity": "sha512-0kQLIzG4fdk/G5NONku64rSH/x32NOA39LVQqlK8Le6lvTF6GGRJpqaQFGgU+CLwySIqBSMdwYM0sYcW9f6P4A==",
        "dependencies": {}
      },
      "util-deprecate@1.0.2": {
        "integrity": "sha512-EPD5q1uXyFxJpCrLnCc1nHnq3gOa6DZBocAIiI2TaSCA7VCJ1UJDMagCzIkXNsUYfD1daK//LTEQ8xiIbrHtcw==",
        "dependencies": {}
      },
      "uuid@3.4.0": {
        "integrity": "sha512-HjSDRw6gZE5JMggctHBcjVak08+KEVhSIiDzFnT9S9aegmp85S/bReBVTb4QTFaRNptJ9kuYaNhnbNEOkbKb/A==",
        "dependencies": {}
      },
      "which@1.3.1": {
        "integrity": "sha512-HxJdYWq1MTIQbJ3nw0cqssHoTNU267KlrDuGZ1WYlxDStUtKUhOaJmh112/TZmHxxUfuJqPXSOm7tDyas0OSIQ==",
        "dependencies": {
          "isexe": "isexe@2.0.0"
        }
      },
      "wrappy@1.0.2": {
        "integrity": "sha512-l4Sp/DRseor9wL6EvV2+TuQn63dMkPjZ/sp9XkghTEbV9KlPS1xUsZ3u7/IQO4wxtcFB4bgpQPRcR3QCvezPcQ==",
        "dependencies": {}
      },
      "xtend@4.0.2": {
        "integrity": "sha512-LKYU1iAXJXUgAXn9URjiu+MWhyUXHsvfp7mcuYm9dSUKK0/CjtrUwFAxD82/mCWbtLsGjFIad0wIsod4zrTAEQ==",
        "dependencies": {}
      },
      "yallist@2.1.2": {
        "integrity": "sha512-ncTzHV7NvsQZkYe1DW7cbDLm0YpzHmZF5r/iyP3ZnQtMiJ+pjzisCiMNI+Sj+xQF5pXhSHxSB3uDbsBTzY/c2A==",
        "dependencies": {}
      },
      "yauzl@2.10.0": {
        "integrity": "sha512-p4a9I6X6nu6IhoGmBqAcbJy1mlC4j27vEPZX9F4L4/vZT3Lyq1VkFHw/V/PUcB9Buo+DG3iHkT0x3Qya58zc3g==",
        "dependencies": {
          "buffer-crc32": "buffer-crc32@0.2.13",
          "fd-slicer": "fd-slicer@1.1.0"
        }
      },
      "zod@3.22.4": {
        "integrity": "sha512-iC+8Io04lddc+mVqQ9AZ7OQ2MrUKGN+oIQyq1vemgt46jwCwLfhq7/pwnBnNXXXZb8VTVLKwp9EDkx+ryxIWmg==",
        "dependencies": {}
      }
    }
  },
  "remote": {
    "https://deno.land/x/zod@v3.22.2/ZodError.ts": "4de18ff525e75a0315f2c12066b77b5c2ae18c7c15ef7df7e165d63536fdf2ea",
    "https://deno.land/x/zod@v3.22.2/errors.ts": "5285922d2be9700cc0c70c95e4858952b07ae193aa0224be3cbd5cd5567eabef",
    "https://deno.land/x/zod@v3.22.2/external.ts": "a6cfbd61e9e097d5f42f8a7ed6f92f93f51ff927d29c9fbaec04f03cbce130fe",
    "https://deno.land/x/zod@v3.22.2/helpers/enumUtil.ts": "54efc393cc9860e687d8b81ff52e980def00fa67377ad0bf8b3104f8a5bf698c",
    "https://deno.land/x/zod@v3.22.2/helpers/errorUtil.ts": "7a77328240be7b847af6de9189963bd9f79cab32bbc61502a9db4fe6683e2ea7",
    "https://deno.land/x/zod@v3.22.2/helpers/parseUtil.ts": "f791e6e65a0340d85ad37d26cd7a3ba67126cd9957eac2b7163162155283abb1",
    "https://deno.land/x/zod@v3.22.2/helpers/partialUtil.ts": "998c2fe79795257d4d1cf10361e74492f3b7d852f61057c7c08ac0a46488b7e7",
    "https://deno.land/x/zod@v3.22.2/helpers/typeAliases.ts": "0fda31a063c6736fc3cf9090dd94865c811dfff4f3cb8707b932bf937c6f2c3e",
    "https://deno.land/x/zod@v3.22.2/helpers/util.ts": "8baf19b19b2fca8424380367b90364b32503b6b71780269a6e3e67700bb02774",
    "https://deno.land/x/zod@v3.22.2/index.ts": "d27aabd973613985574bc31f39e45cb5d856aa122ef094a9f38a463b8ef1a268",
    "https://deno.land/x/zod@v3.22.2/locales/en.ts": "a7a25cd23563ccb5e0eed214d9b31846305ddbcdb9c5c8f508b108943366ab4c",
    "https://deno.land/x/zod@v3.22.2/mod.ts": "64e55237cb4410e17d968cd08975566059f27638ebb0b86048031b987ba251c4",
    "https://deno.land/x/zod@v3.22.2/types.ts": "18cbe3d895f42977c43fa9411da214b06d0d682cf2f4c9dd26cc8c3737740d40"
  }
}
